
Microsoft Visual Studio Solution File, Format Version 12.00
# Visual Studio Version 17
VisualStudioVersion = 17.0.31903.59
MinimumVisualStudioVersion = 10.0.40219.1
Project("{9A19103F-16F7-4668-BE54-9A1E7A4F7556}") = "DotnetLambdaAot", "NET8Native\DotnetLambdaAot\DotnetLambdaAot.csproj", "{D6C38586-85BB-4399-B8AA-1E1DB759E6C9}"
EndProject
Project("{9A19103F-16F7-4668-BE54-9A1E7A4F7556}") = "Shared", "NET8Native\Shared\Shared.csproj", "{860CE875-B583-4AF6-8669-4E402B0288DF}"
EndProject
Project("{9A19103F-16F7-4668-BE54-9A1E7A4F7556}") = "DotnetLambdaAot.Tests", "NET8Native\test\DotnetLambdaAot.Tests\DotnetLambdaAot.Tests.csproj", "{57929DFC-AEDB-4201-9FC5-D33AA5FA2FE8}"
EndProject
Global
	GlobalSection(SolutionConfigurationPlatforms) = preSolution
		Debug|Any CPU = Debug|Any CPU
		Release|Any CPU = Release|Any CPU
	EndGlobalSection
	GlobalSection(ProjectConfigurationPlatforms) = postSolution
		{D6C38586-85BB-4399-B8AA-1E1DB759E6C9}.Debug|Any CPU.ActiveCfg = Debug|Any CPU
		{D6C38586-85BB-4399-B8AA-1E1DB759E6C9}.Debug|Any CPU.Build.0 = Debug|Any CPU
		{D6C38586-85BB-4399-B8AA-1E1DB759E6C9}.Release|Any CPU.ActiveCfg = Release|Any CPU
		{D6C38586-85BB-4399-B8AA-1E1DB759E6C9}.Release|Any CPU.Build.0 = Release|Any CPU
		{860CE875-B583-4AF6-8669-4E402B0288DF}.Debug|Any CPU.ActiveCfg = Debug|Any CPU
		{860CE875-B583-4AF6-8669-4E402B0288DF}.Debug|Any CPU.Build.0 = Debug|Any CPU
		{860CE875-B583-4AF6-8669-4E402B0288DF}.Release|Any CPU.ActiveCfg = Release|Any CPU
		{860CE875-B583-4AF6-8669-4E402B0288DF}.Release|Any CPU.Build.0 = Release|Any CPU
		{57929DFC-AEDB-4201-9FC5-D33AA5FA2FE8}.Debug|Any CPU.ActiveCfg = Debug|Any CPU
		{57929DFC-AEDB-4201-9FC5-D33AA5FA2FE8}.Debug|Any CPU.Build.0 = Debug|Any CPU
		{57929DFC-AEDB-4201-9FC5-D33AA5FA2FE8}.Release|Any CPU.ActiveCfg = Release|Any CPU
		{57929DFC-AEDB-4201-9FC5-D33AA5FA2FE8}.Release|Any CPU.Build.0 = Release|Any CPU
	EndGlobalSection
	GlobalSection(SolutionProperties) = preSolution
		HideSolutionNode = FALSE
	EndGlobalSection
EndGlobal
